// !$*UTF8*$!
{
	archiveVersion = 1;
	classes = {
	};
	objectVersion = 77;
	objects = {

/* Begin PBXBuildFile section */
		89F6165C2E6CA22C00BD7B3B /* AsyncDisplayKit in Frameworks */ = {isa = PBXBuildFile; productRef = 89F6165B2E6CA22C00BD7B3B /* AsyncDisplayKit */; };
		89F6165F2E6CA24700BD7B3B /* FontManager in Frameworks */ = {isa = PBXBuildFile; productRef = 89F6165E2E6CA24700BD7B3B /* FontManager */; };
		89F616622E6CA26200BD7B3B /* PreviewIntro in Frameworks */ = {isa = PBXBuildFile; productRef = 89F616612E6CA26200BD7B3B /* PreviewIntro */; };
		89F616CF2E6CD99500BD7B3B /* DeviceManager in Frameworks */ = {isa = PBXBuildFile; productRef = 89F616CE2E6CD99500BD7B3B /* DeviceManager */; };
/* End PBXBuildFile section */

/* Begin PBXFileReference section */
		895E07CB2E5F9546003A1A83 /* SMTPServiceApp.app */ = {isa = PBXFileReference; explicitFileType = wrapper.application; includeInIndex = 0; path = SMTPServiceApp.app; sourceTree = BUILT_PRODUCTS_DIR; };
/* End PBXFileReference section */

/* Begin PBXFileSystemSynchronizedBuildFileExceptionSet section */
		895E07F72E5F9548003A1A83 /* Exceptions for "SMTPServiceApp" folder in "SMTPServiceApp" target */ = {
			isa = PBXFileSystemSynchronizedBuildFileExceptionSet;
			membershipExceptions = (
				Resources/Info.plist,
			);
			target = 895E07CA2E5F9546003A1A83 /* SMTPServiceApp */;
		};
/* End PBXFileSystemSynchronizedBuildFileExceptionSet section */

/* Begin PBXFileSystemSynchronizedRootGroup section */
		895E07CD2E5F9546003A1A83 /* SMTPServiceApp */ = {
			isa = PBXFileSystemSynchronizedRootGroup;
			exceptions = (
				895E07F72E5F9548003A1A83 /* Exceptions for "SMTPServiceApp" folder in "SMTPServiceApp" target */,
			);
			path = SMTPServiceApp;
			sourceTree = "<group>";
		};
/* End PBXFileSystemSynchronizedRootGroup section */

/* Begin PBXFrameworksBuildPhase section */
		895E07C82E5F9546003A1A83 /* Frameworks */ = {
			isa = PBXFrameworksBuildPhase;
			buildActionMask = 2147483647;
			files = (
				89F616CF2E6CD99500BD7B3B /* DeviceManager in Frameworks */,
				89F616622E6CA26200BD7B3B /* PreviewIntro in Frameworks */,
				89F6165C2E6CA22C00BD7B3B /* AsyncDisplayKit in Frameworks */,
				89F6165F2E6CA24700BD7B3B /* FontManager in Frameworks */,
			);
			runOnlyForDeploymentPostprocessing = 0;
		};
/* End PBXFrameworksBuildPhase section */

/* Begin PBXGroup section */
		895E07C22E5F9546003A1A83 = {
			isa = PBXGroup;
			children = (
				895E07CD2E5F9546003A1A83 /* SMTPServiceApp */,
				895E07CC2E5F9546003A1A83 /* Products */,
			);
			sourceTree = "<group>";
		};
		895E07CC2E5F9546003A1A83 /* Products */ = {
			isa = PBXGroup;
			children = (
				895E07CB2E5F9546003A1A83 /* SMTPServiceApp.app */,
			);
			name = Products;
			sourceTree = "<group>";
		};
/* End PBXGroup section */

/* Begin PBXNativeTarget section */
		895E07CA2E5F9546003A1A83 /* SMTPServiceApp */ = {
			isa = PBXNativeTarget;
			buildConfigurationList = 895E07F82E5F9548003A1A83 /* Build configuration list for PBXNativeTarget "SMTPServiceApp" */;
			buildPhases = (
				895E07C72E5F9546003A1A83 /* Sources */,
				895E07C82E5F9546003A1A83 /* Frameworks */,
				895E07C92E5F9546003A1A83 /* Resources */,
			);
			buildRules = (
			);
			dependencies = (
			);
			fileSystemSynchronizedGroups = (
				895E07CD2E5F9546003A1A83 /* SMTPServiceApp */,
			);
			name = SMTPServiceApp;
			packageProductDependencies = (
				89F6165B2E6CA22C00BD7B3B /* AsyncDisplayKit */,
				89F6165E2E6CA24700BD7B3B /* FontManager */,
				89F616612E6CA26200BD7B3B /* PreviewIntro */,
				89F616CE2E6CD99500BD7B3B /* DeviceManager */,
			);
			productName = SMTPServiceApp;
			productReference = 895E07CB2E5F9546003A1A83 /* SMTPServiceApp.app */;
			productType = "com.apple.product-type.application";
		};
/* End PBXNativeTarget section */

/* Begin PBXProject section */
		895E07C32E5F9546003A1A83 /* Project object */ = {
			isa = PBXProject;
			attributes = {
				BuildIndependentTargetsInParallel = 1;
				LastSwiftUpdateCheck = 1640;
				LastUpgradeCheck = 1640;
				TargetAttributes = {
					895E07CA2E5F9546003A1A83 = {
						CreatedOnToolsVersion = 16.4;
					};
				};
			};
			buildConfigurationList = 895E07C62E5F9546003A1A83 /* Build configuration list for PBXProject "SMTPServiceApp" */;
			developmentRegion = en;
			hasScannedForEncodings = 0;
			knownRegions = (
				en,
				Base,
			);
			mainGroup = 895E07C22E5F9546003A1A83;
			minimizedProjectReferenceProxies = 1;
			packageReferences = (
				89F6165A2E6CA22C00BD7B3B /* XCRemoteSwiftPackageReference "AsyncDisplayKit" */,
				89F6165D2E6CA24700BD7B3B /* XCRemoteSwiftPackageReference "FontManager" */,
				89F616602E6CA26200BD7B3B /* XCRemoteSwiftPackageReference "PreviewIntro" */,
				89F616CD2E6CD99500BD7B3B /* XCRemoteSwiftPackageReference "DeviceManager" */,
			);
			preferredProjectObjectVersion = 77;
			productRefGroup = 895E07CC2E5F9546003A1A83 /* Products */;
			projectDirPath = "";
			projectRoot = "";
			targets = (
				895E07CA2E5F9546003A1A83 /* SMTPServiceApp */,
			);
		};
/* End PBXProject section */

/* Begin PBXResourcesBuildPhase section */
		895E07C92E5F9546003A1A83 /* Resources */ = {
			isa = PBXResourcesBuildPhase;
			buildActionMask = 2147483647;
			files = (
			);
			runOnlyForDeploymentPostprocessing = 0;
		};
/* End PBXResourcesBuildPhase section */

/* Begin PBXSourcesBuildPhase section */
		895E07C72E5F9546003A1A83 /* Sources */ = {
			isa = PBXSourcesBuildPhase;
			buildActionMask = 2147483647;
			files = (
			);
			runOnlyForDeploymentPostprocessing = 0;
		};
/* End PBXSourcesBuildPhase section */

/* Begin XCBuildConfiguration section */
		895E07F92E5F9548003A1A83 /* Debug */ = {
			isa = XCBuildConfiguration;
			buildSettings = {
				ASSETCATALOG_COMPILER_APPICON_NAME = AppIcon;
				ASSETCATALOG_COMPILER_GLOBAL_ACCENT_COLOR_NAME = AccentColor;
				CODE_SIGN_ENTITLEMENTS = SMTPServiceApp/Resources/SMTPServiceApp.entitlements;
				CODE_SIGN_STYLE = Automatic;
				CURRENT_PROJECT_VERSION = 1;
				GENERATE_INFOPLIST_FILE = YES;
				INFOPLIST_FILE = SMTPServiceApp/Resources/Info.plist;
				INFOPLIST_KEY_CFBundleDisplayName = Smtp;
				INFOPLIST_KEY_LSApplicationCategoryType = "public.app-category.business";
				INFOPLIST_KEY_UIApplicationSupportsIndirectInputEvents = YES;
				INFOPLIST_KEY_UILaunchStoryboardName = LaunchScreen;
				INFOPLIST_KEY_UISupportedInterfaceOrientations = UIInterfaceOrientationPortrait;
				INFOPLIST_KEY_UISupportedInterfaceOrientations_iPad = "UIInterfaceOrientationLandscapeLeft UIInterfaceOrientationLandscapeRight UIInterfaceOrientationPortrait UIInterfaceOrientationPortraitUpsideDown";
				IPHONEOS_DEPLOYMENT_TARGET = 15.0;
				LD_RUNPATH_SEARCH_PATHS = (
					"$(inherited)",
					"@executable_path/Frameworks",
				);
				MARKETING_VERSION = 1.0;
				PRODUCT_BUNDLE_IDENTIFIER = org.example.SMTPServiceApp;
				PRODUCT_NAME = "$(TARGET_NAME)";
				SUPPORTED_PLATFORMS = "iphoneos iphonesimulator";
				SUPPORTS_MACCATALYST = NO;
				SUPPORTS_MAC_DESIGNED_FOR_IPHONE_IPAD = NO;
				SUPPORTS_XR_DESIGNED_FOR_IPHONE_IPAD = NO;
				SWIFT_EMIT_LOC_STRINGS = YES;
				SWIFT_VERSION = 5.0;
				TARGETED_DEVICE_FAMILY = "1,2";
			};
			name = Debug;
		};
		895E07FA2E5F9548003A1A83 /* Release */ = {
			isa = XCBuildConfiguration;
			buildSettings = {
				ASSETCATALOG_COMPILER_APPICON_NAME = AppIcon;
				ASSETCATALOG_COMPILER_GLOBAL_ACCENT_COLOR_NAME = AccentColor;
				CODE_SIGN_ENTITLEMENTS = SMTPServiceApp/Resources/SMTPServiceApp.entitlements;
				CODE_SIGN_STYLE = Automatic;
				CURRENT_PROJECT_VERSION = 1;
				GENERATE_INFOPLIST_FILE = YES;
				INFOPLIST_FILE = SMTPServiceApp/Resources/Info.plist;
				INFOPLIST_KEY_CFBundleDisplayName = Smtp;
				INFOPLIST_KEY_LSApplicationCategoryType = "public.app-category.business";
				INFOPLIST_KEY_UIApplicationSupportsIndirectInputEvents = YES;
				INFOPLIST_KEY_UILaunchStoryboardName = LaunchScreen;
				INFOPLIST_KEY_UISupportedInterfaceOrientations = UIInterfaceOrientationPortrait;
				INFOPLIST_KEY_UISupportedInterfaceOrientations_iPad = "UIInterfaceOrientationLandscapeLeft UIInterfaceOrientationLandscapeRight UIInterfaceOrientationPortrait UIInterfaceOrientationPortraitUpsideDown";
				IPHONEOS_DEPLOYMENT_TARGET = 15.0;
				LD_RUNPATH_SEARCH_PATHS = (
					"$(inherited)",
					"@executable_path/Frameworks",
				);
				MARKETING_VERSION = 1.0;
				PRODUCT_BUNDLE_IDENTIFIER = org.example.SMTPServiceApp;
				PRODUCT_NAME = "$(TARGET_NAME)";
				SUPPORTED_PLATFORMS = "iphoneos iphonesimulator";
				SUPPORTS_MACCATALYST = NO;
				SUPPORTS_MAC_DESIGNED_FOR_IPHONE_IPAD = NO;
				SUPPORTS_XR_DESIGNED_FOR_IPHONE_IPAD = NO;
				SWIFT_EMIT_LOC_STRINGS = YES;
				SWIFT_VERSION = 5.0;
				TARGETED_DEVICE_FAMILY = "1,2";
			};
			name = Release;
		};
		895E07FB2E5F9548003A1A83 /* Debug */ = {
			isa = XCBuildConfiguration;
			buildSettings = {
				ALWAYS_SEARCH_USER_PATHS = NO;
				ASSETCATALOG_COMPILER_GENERATE_SWIFT_ASSET_SYMBOL_EXTENSIONS = YES;
				CLANG_ANALYZER_NONNULL = YES;
				CLANG_ANALYZER_NUMBER_OBJECT_CONVERSION = YES_AGGRESSIVE;
				CLANG_CXX_LANGUAGE_STANDARD = "gnu++20";
				CLANG_ENABLE_MODULES = YES;
				CLANG_ENABLE_OBJC_ARC = YES;
				CLANG_ENABLE_OBJC_WEAK = YES;
				CLANG_WARN_BLOCK_CAPTURE_AUTORELEASING = YES;
				CLANG_WARN_BOOL_CONVERSION = YES;
				CLANG_WARN_COMMA = YES;
				CLANG_WARN_CONSTANT_CONVERSION = YES;
				CLANG_WARN_DEPRECATED_OBJC_IMPLEMENTATIONS = YES;
				CLANG_WARN_DIRECT_OBJC_ISA_USAGE = YES_ERROR;
				CLANG_WARN_DOCUMENTATION_COMMENTS = YES;
				CLANG_WARN_EMPTY_BODY = YES;
				CLANG_WARN_ENUM_CONVERSION = YES;
				CLANG_WARN_INFINITE_RECURSION = YES;
				CLANG_WARN_INT_CONVERSION = YES;
				CLANG_WARN_NON_LITERAL_NULL_CONVERSION = YES;
				CLANG_WARN_OBJC_IMPLICIT_RETAIN_SELF = YES;
				CLANG_WARN_OBJC_LITERAL_CONVERSION = YES;
				CLANG_WARN_OBJC_ROOT_CLASS = YES_ERROR;
				CLANG_WARN_QUOTED_INCLUDE_IN_FRAMEWORK_HEADER = YES;
				CLANG_WARN_RANGE_LOOP_ANALYSIS = YES;
				CLANG_WARN_STRICT_PROTOTYPES = YES;
				CLANG_WARN_SUSPICIOUS_MOVE = YES;
				CLANG_WARN_UNGUARDED_AVAILABILITY = YES_AGGRESSIVE;
				CLANG_WARN_UNREACHABLE_CODE = YES;
				CLANG_WARN__DUPLICATE_METHOD_MATCH = YES;
				COPY_PHASE_STRIP = NO;
				DEBUG_INFORMATION_FORMAT = dwarf;
				ENABLE_STRICT_OBJC_MSGSEND = YES;
				ENABLE_TESTABILITY = YES;
				ENABLE_USER_SCRIPT_SANDBOXING = YES;
				GCC_C_LANGUAGE_STANDARD = gnu17;
				GCC_DYNAMIC_NO_PIC = NO;
				GCC_NO_COMMON_BLOCKS = YES;
				GCC_OPTIMIZATION_LEVEL = 0;
				GCC_PREPROCESSOR_DEFINITIONS = (
					"DEBUG=1",
					"$(inherited)",
				);
				GCC_WARN_64_TO_32_BIT_CONVERSION = YES;
				GCC_WARN_ABOUT_RETURN_TYPE = YES_ERROR;
				GCC_WARN_UNDECLARED_SELECTOR = YES;
				GCC_WARN_UNINITIALIZED_AUTOS = YES_AGGRESSIVE;
				GCC_WARN_UNUSED_FUNCTION = YES;
				GCC_WARN_UNUSED_VARIABLE = YES;
				IPHONEOS_DEPLOYMENT_TARGET = 15.6;
				LOCALIZATION_PREFERS_STRING_CATALOGS = YES;
				MTL_ENABLE_DEBUG_INFO = INCLUDE_SOURCE;
				MTL_FAST_MATH = YES;
				ONLY_ACTIVE_ARCH = YES;
				SDKROOT = iphoneos;
				SWIFT_ACTIVE_COMPILATION_CONDITIONS = "DEBUG $(inherited)";
				SWIFT_EMIT_LOC_STRINGS = YES;
				SWIFT_OPTIMIZATION_LEVEL = "-Onone";
			};
			name = Debug;
		};
		895E07FC2E5F9548003A1A83 /* Release */ = {
			isa = XCBuildConfiguration;
			buildSettings = {
				ALWAYS_SEARCH_USER_PATHS = NO;
				ASSETCATALOG_COMPILER_GENERATE_SWIFT_ASSET_SYMBOL_EXTENSIONS = YES;
				CLANG_ANALYZER_NONNULL = YES;
				CLANG_ANALYZER_NUMBER_OBJECT_CONVERSION = YES_AGGRESSIVE;
				CLANG_CXX_LANGUAGE_STANDARD = "gnu++20";
				CLANG_ENABLE_MODULES = YES;
				CLANG_ENABLE_OBJC_ARC = YES;
				CLANG_ENABLE_OBJC_WEAK = YES;
				CLANG_WARN_BLOCK_CAPTURE_AUTORELEASING = YES;
				CLANG_WARN_BOOL_CONVERSION = YES;
				CLANG_WARN_COMMA = YES;
				CLANG_WARN_CONSTANT_CONVERSION = YES;
				CLANG_WARN_DEPRECATED_OBJC_IMPLEMENTATIONS = YES;
				CLANG_WARN_DIRECT_OBJC_ISA_USAGE = YES_ERROR;
				CLANG_WARN_DOCUMENTATION_COMMENTS = YES;
				CLANG_WARN_EMPTY_BODY = YES;
				CLANG_WARN_ENUM_CONVERSION = YES;
				CLANG_WARN_INFINITE_RECURSION = YES;
				CLANG_WARN_INT_CONVERSION = YES;
				CLANG_WARN_NON_LITERAL_NULL_CONVERSION = YES;
				CLANG_WARN_OBJC_IMPLICIT_RETAIN_SELF = YES;
				CLANG_WARN_OBJC_LITERAL_CONVERSION = YES;
				CLANG_WARN_OBJC_ROOT_CLASS = YES_ERROR;
				CLANG_WARN_QUOTED_INCLUDE_IN_FRAMEWORK_HEADER = YES;
				CLANG_WARN_RANGE_LOOP_ANALYSIS = YES;
				CLANG_WARN_STRICT_PROTOTYPES = YES;
				CLANG_WARN_SUSPICIOUS_MOVE = YES;
				CLANG_WARN_UNGUARDED_AVAILABILITY = YES_AGGRESSIVE;
				CLANG_WARN_UNREACHABLE_CODE = YES;
				CLANG_WARN__DUPLICATE_METHOD_MATCH = YES;
				COPY_PHASE_STRIP = NO;
				DEBUG_INFORMATION_FORMAT = "dwarf-with-dsym";
				ENABLE_NS_ASSERTIONS = NO;
				ENABLE_STRICT_OBJC_MSGSEND = YES;
				ENABLE_USER_SCRIPT_SANDBOXING = YES;
				GCC_C_LANGUAGE_STANDARD = gnu17;
				GCC_NO_COMMON_BLOCKS = YES;
				GCC_WARN_64_TO_32_BIT_CONVERSION = YES;
				GCC_WARN_ABOUT_RETURN_TYPE = YES_ERROR;
				GCC_WARN_UNDECLARED_SELECTOR = YES;
				GCC_WARN_UNINITIALIZED_AUTOS = YES_AGGRESSIVE;
				GCC_WARN_UNUSED_FUNCTION = YES;
				GCC_WARN_UNUSED_VARIABLE = YES;
				IPHONEOS_DEPLOYMENT_TARGET = 15.6;
				LOCALIZATION_PREFERS_STRING_CATALOGS = YES;
				MTL_ENABLE_DEBUG_INFO = NO;
				MTL_FAST_MATH = YES;
				SDKROOT = iphoneos;
				SWIFT_COMPILATION_MODE = wholemodule;
				SWIFT_EMIT_LOC_STRINGS = YES;
				VALIDATE_PRODUCT = YES;
			};
			name = Release;
		};
/* End XCBuildConfiguration section */

/* Begin XCConfigurationList section */
		895E07C62E5F9546003A1A83 /* Build configuration list for PBXProject "SMTPServiceApp" */ = {
			isa = XCConfigurationList;
			buildConfigurations = (
				895E07FB2E5F9548003A1A83 /* Debug */,
				895E07FC2E5F9548003A1A83 /* Release */,
			);
			defaultConfigurationIsVisible = 0;
			defaultConfigurationName = Release;
		};
		895E07F82E5F9548003A1A83 /* Build configuration list for PBXNativeTarget "SMTPServiceApp" */ = {
			isa = XCConfigurationList;
			buildConfigurations = (
				895E07F92E5F9548003A1A83 /* Debug */,
				895E07FA2E5F9548003A1A83 /* Release */,
			);
			defaultConfigurationIsVisible = 0;
			defaultConfigurationName = Release;
		};
/* End XCConfigurationList section */

/* Begin XCRemoteSwiftPackageReference section */
		89F6165A2E6CA22C00BD7B3B /* XCRemoteSwiftPackageReference "AsyncDisplayKit" */ = {
			isa = XCRemoteSwiftPackageReference;
			repositoryURL = "https://github.com/resoul/AsyncDisplayKit.git";
			requirement = {
				kind = upToNextMajorVersion;
				minimumVersion = 3.2.0;
			};
		};
		89F6165D2E6CA24700BD7B3B /* XCRemoteSwiftPackageReference "FontManager" */ = {
			isa = XCRemoteSwiftPackageReference;
			repositoryURL = "https://github.com/resoul/FontManager.git";
			requirement = {
				kind = upToNextMajorVersion;
				minimumVersion = 2.2.1;
			};
		};
		89F616602E6CA26200BD7B3B /* XCRemoteSwiftPackageReference "PreviewIntro" */ = {
			isa = XCRemoteSwiftPackageReference;
			repositoryURL = "https://github.com/resoul/PreviewIntro.git";
			requirement = {
				kind = upToNextMajorVersion;
				minimumVersion = 0.1.0;
			};
		};
		89F616CD2E6CD99500BD7B3B /* XCRemoteSwiftPackageReference "DeviceManager" */ = {
			isa = XCRemoteSwiftPackageReference;
			repositoryURL = "https://github.com/resoul/DeviceManager.git";
			requirement = {
				kind = upToNextMajorVersion;
				minimumVersion = 1.0.0;
			};
		};
/* End XCRemoteSwiftPackageReference section */

/* Begin XCSwiftPackageProductDependency section */
		89F6165B2E6CA22C00BD7B3B /* AsyncDisplayKit */ = {
			isa = XCSwiftPackageProductDependency;
			package = 89F6165A2E6CA22C00BD7B3B /* XCRemoteSwiftPackageReference "AsyncDisplayKit" */;
			productName = AsyncDisplayKit;
		};
		89F6165E2E6CA24700BD7B3B /* FontManager */ = {
			isa = XCSwiftPackageProductDependency;
			package = 89F6165D2E6CA24700BD7B3B /* XCRemoteSwiftPackageReference "FontManager" */;
			productName = FontManager;
		};
		89F616612E6CA26200BD7B3B /* PreviewIntro */ = {
			isa = XCSwiftPackageProductDependency;
			package = 89F616602E6CA26200BD7B3B /* XCRemoteSwiftPackageReference "PreviewIntro" */;
			productName = PreviewIntro;
		};
		89F616CE2E6CD99500BD7B3B /* DeviceManager */ = {
			isa = XCSwiftPackageProductDependency;
			package = 89F616CD2E6CD99500BD7B3B /* XCRemoteSwiftPackageReference "DeviceManager" */;
			productName = DeviceManager;
		};
/* End XCSwiftPackageProductDependency section */
	};
	rootObject = 895E07C32E5F9546003A1A83 /* Project object */;
}
